// !$*UTF8*$!
{
	archiveVersion = 1;
	classes = {
	};
	objectVersion = 50;
	objects = {

/* Begin PBXBuildFile section */
		0CA5FE3DD81B1AF16A4611BE /* Pods_Sendo_Clone.framework in Frameworks */ = {isa = PBXBuildFile; fileRef = 23D3ADF1B5834A27B685ADF3 /* Pods_Sendo_Clone.framework */; };
		CF689E2E2432ECE1002EBC9A /* AppDelegate.swift in Sources */ = {isa = PBXBuildFile; fileRef = CF689E2D2432ECE1002EBC9A /* AppDelegate.swift */; };
		CF689E322432ECE1002EBC9A /* ViewController.swift in Sources */ = {isa = PBXBuildFile; fileRef = CF689E312432ECE1002EBC9A /* ViewController.swift */; };
		CF689E372432ECE2002EBC9A /* Assets.xcassets in Resources */ = {isa = PBXBuildFile; fileRef = CF689E362432ECE2002EBC9A /* Assets.xcassets */; };
		CF689E3A2432ECE2002EBC9A /* LaunchScreen.storyboard in Resources */ = {isa = PBXBuildFile; fileRef = CF689E382432ECE2002EBC9A /* LaunchScreen.storyboard */; };
/* End PBXBuildFile section */

/* Begin PBXFileReference section */
		134EEDBBAE12C569664CC2CC /* Pods-Sendo_Clone.release.xcconfig */ = {isa = PBXFileReference; includeInIndex = 1; lastKnownFileType = text.xcconfig; name = "Pods-Sendo_Clone.release.xcconfig"; path = "Target Support Files/Pods-Sendo_Clone/Pods-Sendo_Clone.release.xcconfig"; sourceTree = "<group>"; };
		23D3ADF1B5834A27B685ADF3 /* Pods_Sendo_Clone.framework */ = {isa = PBXFileReference; explicitFileType = wrapper.framework; includeInIndex = 0; path = Pods_Sendo_Clone.framework; sourceTree = BUILT_PRODUCTS_DIR; };
		61979706629CE21060F4D9E9 /* Pods-Sendo_Clone.debug.xcconfig */ = {isa = PBXFileReference; includeInIndex = 1; lastKnownFileType = text.xcconfig; name = "Pods-Sendo_Clone.debug.xcconfig"; path = "Target Support Files/Pods-Sendo_Clone/Pods-Sendo_Clone.debug.xcconfig"; sourceTree = "<group>"; };
		CF689E2A2432ECE1002EBC9A /* Sendo_Clone.app */ = {isa = PBXFileReference; explicitFileType = wrapper.application; includeInIndex = 0; path = Sendo_Clone.app; sourceTree = BUILT_PRODUCTS_DIR; };
		CF689E2D2432ECE1002EBC9A /* AppDelegate.swift */ = {isa = PBXFileReference; lastKnownFileType = sourcecode.swift; path = AppDelegate.swift; sourceTree = "<group>"; };
		CF689E312432ECE1002EBC9A /* ViewController.swift */ = {isa = PBXFileReference; lastKnownFileType = sourcecode.swift; path = ViewController.swift; sourceTree = "<group>"; };
		CF689E362432ECE2002EBC9A /* Assets.xcassets */ = {isa = PBXFileReference; lastKnownFileType = folder.assetcatalog; path = Assets.xcassets; sourceTree = "<group>"; };
		CF689E392432ECE2002EBC9A /* Base */ = {isa = PBXFileReference; lastKnownFileType = file.storyboard; name = Base; path = Base.lproj/LaunchScreen.storyboard; sourceTree = "<group>"; };
		CF689E3B2432ECE2002EBC9A /* Info.plist */ = {isa = PBXFileReference; lastKnownFileType = text.plist.xml; path = Info.plist; sourceTree = "<group>"; };
/* End PBXFileReference section */

/* Begin PBXFrameworksBuildPhase section */
		CF689E272432ECE1002EBC9A /* Frameworks */ = {
			isa = PBXFrameworksBuildPhase;
			buildActionMask = 2147483647;
			files = (
				0CA5FE3DD81B1AF16A4611BE /* Pods_Sendo_Clone.framework in Frameworks */,
			);
			runOnlyForDeploymentPostprocessing = 0;
		};
/* End PBXFrameworksBuildPhase section */

/* Begin PBXGroup section */
		4D3A1D4B38F26CF2CAE7DC3E /* Pods */ = {
			isa = PBXGroup;
			children = (
				61979706629CE21060F4D9E9 /* Pods-Sendo_Clone.debug.xcconfig */,
				134EEDBBAE12C569664CC2CC /* Pods-Sendo_Clone.release.xcconfig */,
			);
			name = Pods;
			path = Pods;
			sourceTree = "<group>";
		};
		AD2C6438391300A415CF9658 /* Frameworks */ = {
			isa = PBXGroup;
			children = (
				23D3ADF1B5834A27B685ADF3 /* Pods_Sendo_Clone.framework */,
			);
			name = Frameworks;
			sourceTree = "<group>";
		};
		CF689E212432ECE1002EBC9A = {
			isa = PBXGroup;
			children = (
				CF689E2C2432ECE1002EBC9A /* Sendo_Clone */,
				CF689E2B2432ECE1002EBC9A /* Products */,
				4D3A1D4B38F26CF2CAE7DC3E /* Pods */,
				AD2C6438391300A415CF9658 /* Frameworks */,
			);
			sourceTree = "<group>";
		};
		CF689E2B2432ECE1002EBC9A /* Products */ = {
			isa = PBXGroup;
			children = (
				CF689E2A2432ECE1002EBC9A /* Sendo_Clone.app */,
			);
			name = Products;
			sourceTree = "<group>";
		};
		CF689E2C2432ECE1002EBC9A /* Sendo_Clone */ = {
			isa = PBXGroup;
			children = (
				CF689E2D2432ECE1002EBC9A /* AppDelegate.swift */,
				CF689E312432ECE1002EBC9A /* ViewController.swift */,
				CF689E362432ECE2002EBC9A /* Assets.xcassets */,
				CF689E382432ECE2002EBC9A /* LaunchScreen.storyboard */,
				CF689E3B2432ECE2002EBC9A /* Info.plist */,
			);
			path = Sendo_Clone;
			sourceTree = "<group>";
		};
/* End PBXGroup section */

/* Begin PBXNativeTarget section */
		CF689E292432ECE1002EBC9A /* Sendo_Clone */ = {
			isa = PBXNativeTarget;
			buildConfigurationList = CF689E3E2432ECE2002EBC9A /* Build configuration list for PBXNativeTarget "Sendo_Clone" */;
			buildPhases = (
				E9234CAFC31E494EDB92271D /* [CP] Check Pods Manifest.lock */,
				CF689E262432ECE1002EBC9A /* Sources */,
				CF689E272432ECE1002EBC9A /* Frameworks */,
				CF689E282432ECE1002EBC9A /* Resources */,
				DAE9E83F79585B49A2871FC3 /* [CP] Embed Pods Frameworks */,
			);
			buildRules = (
			);
			dependencies = (
			);
			name = Sendo_Clone;
			productName = Sendo_Clone;
			productReference = CF689E2A2432ECE1002EBC9A /* Sendo_Clone.app */;
			productType = "com.apple.product-type.application";
		};
/* End PBXNativeTarget section */

/* Begin PBXProject section */
		CF689E222432ECE1002EBC9A /* Project object */ = {
			isa = PBXProject;
			attributes = {
				LastSwiftUpdateCheck = 1130;
				LastUpgradeCheck = 1130;
				ORGANIZATIONNAME = DangTrungHieu;
				TargetAttributes = {
					CF689E292432ECE1002EBC9A = {
						CreatedOnToolsVersion = 11.3.1;
					};
				};
			};
			buildConfigurationList = CF689E252432ECE1002EBC9A /* Build configuration list for PBXProject "Sendo_Clone" */;
			compatibilityVersion = "Xcode 9.3";
			developmentRegion = en;
			hasScannedForEncodings = 0;
			knownRegions = (
				en,
				Base,
			);
			mainGroup = CF689E212432ECE1002EBC9A;
			productRefGroup = CF689E2B2432ECE1002EBC9A /* Products */;
			projectDirPath = "";
			projectRoot = "";
			targets = (
				CF689E292432ECE1002EBC9A /* Sendo_Clone */,
			);
		};
/* End PBXProject section */

/* Begin PBXResourcesBuildPhase section */
		CF689E282432ECE1002EBC9A /* Resources */ = {
			isa = PBXResourcesBuildPhase;
			buildActionMask = 2147483647;
			files = (
				CF689E3A2432ECE2002EBC9A /* LaunchScreen.storyboard in Resources */,
				CF689E372432ECE2002EBC9A /* Assets.xcassets in Resources */,
			);
			runOnlyForDeploymentPostprocessing = 0;
		};
/* End PBXResourcesBuildPhase section */

/* Begin PBXShellScriptBuildPhase section */
		DAE9E83F79585B49A2871FC3 /* [CP] Embed Pods Frameworks */ = {
			isa = PBXShellScriptBuildPhase;
			buildActionMask = 2147483647;
			files = (
			);
			inputFileListPaths = (
				"${PODS_ROOT}/Target Support Files/Pods-Sendo_Clone/Pods-Sendo_Clone-frameworks-${CONFIGURATION}-input-files.xcfilelist",
			);
			name = "[CP] Embed Pods Frameworks";
			outputFileListPaths = (
				"${PODS_ROOT}/Target Support Files/Pods-Sendo_Clone/Pods-Sendo_Clone-frameworks-${CONFIGURATION}-output-files.xcfilelist",
			);
			runOnlyForDeploymentPostprocessing = 0;
			shellPath = /bin/sh;
			shellScript = "\"${PODS_ROOT}/Target Support Files/Pods-Sendo_Clone/Pods-Sendo_Clone-frameworks.sh\"\n";
			showEnvVarsInLog = 0;
		};
		E9234CAFC31E494EDB92271D /* [CP] Check Pods Manifest.lock */ = {
			isa = PBXShellScriptBuildPhase;
			buildActionMask = 2147483647;
			files = (
			);
			inputFileListPaths = (
			);
			inputPaths = (
				"${PODS_PODFILE_DIR_PATH}/Podfile.lock",
				"${PODS_ROOT}/Manifest.lock",
			);
			name = "[CP] Check Pods Manifest.lock";
			outputFileListPaths = (
			);
			outputPaths = (
				"$(DERIVED_FILE_DIR)/Pods-Sendo_Clone-checkManifestLockResult.txt",
			);
			runOnlyForDeploymentPostprocessing = 0;
			shellPath = /bin/sh;
			shellScript = "diff \"${PODS_PODFILE_DIR_PATH}/Podfile.lock\" \"${PODS_ROOT}/Manifest.lock\" > /dev/null\nif [ $? != 0 ] ; then\n    # print error to STDERR\n    echo \"error: The sandbox is not in sync with the Podfile.lock. Run 'pod install' or update your CocoaPods installation.\" >&2\n    exit 1\nfi\n# This output is used by Xcode 'outputs' to avoid re-running this script phase.\necho \"SUCCESS\" > \"${SCRIPT_OUTPUT_FILE_0}\"\n";
			showEnvVarsInLog = 0;
		};
/* End PBXShellScriptBuildPhase section */

/* Begin PBXSourcesBuildPhase section */
		CF689E262432ECE1002EBC9A /* Sources */ = {
			isa = PBXSourcesBuildPhase;
			buildActionMask = 2147483647;
			files = (
				CF689E322432ECE1002EBC9A /* ViewController.swift in Sources */,
				CF689E2E2432ECE1002EBC9A /* AppDelegate.swift in Sources */,
			);
			runOnlyForDeploymentPostprocessing = 0;
		};
/* End PBXSourcesBuildPhase section */

/* Begin PBXVariantGroup section */
		CF689E382432ECE2002EBC9A /* LaunchScreen.storyboard */ = {
			isa = PBXVariantGroup;
			children = (
				CF689E392432ECE2002EBC9A /* Base */,
			);
			name = LaunchScreen.storyboard;
			sourceTree = "<group>";
		};
/* End PBXVariantGroup section */

/* Begin XCBuildConfiguration section */
		CF689E3C2432ECE2002EBC9A /* Debug */ = {
			isa = XCBuildConfiguration;
			buildSettings = {
				ALWAYS_SEARCH_USER_PATHS = NO;
				CLANG_ANALYZER_NONNULL = YES;
				CLANG_ANALYZER_NUMBER_OBJECT_CONVERSION = YES_AGGRESSIVE;
				CLANG_CXX_LANGUAGE_STANDARD = "gnu++14";
				CLANG_CXX_LIBRARY = "libc++";
				CLANG_ENABLE_MODULES = YES;
				CLANG_ENABLE_OBJC_ARC = YES;
				CLANG_ENABLE_OBJC_WEAK = YES;
				CLANG_WARN_BLOCK_CAPTURE_AUTORELEASING = YES;
				CLANG_WARN_BOOL_CONVERSION = YES;
				CLANG_WARN_COMMA = YES;
				CLANG_WARN_CONSTANT_CONVERSION = YES;
				CLANG_WARN_DEPRECATED_OBJC_IMPLEMENTATIONS = YES;
				CLANG_WARN_DIRECT_OBJC_ISA_USAGE = YES_ERROR;
				CLANG_WARN_DOCUMENTATION_COMMENTS = YES;
				CLANG_WARN_EMPTY_BODY = YES;
				CLANG_WARN_ENUM_CONVERSION = YES;
				CLANG_WARN_INFINITE_RECURSION = YES;
				CLANG_WARN_INT_CONVERSION = YES;
				CLANG_WARN_NON_LITERAL_NULL_CONVERSION = YES;
				CLANG_WARN_OBJC_IMPLICIT_RETAIN_SELF = YES;
				CLANG_WARN_OBJC_LITERAL_CONVERSION = YES;
				CLANG_WARN_OBJC_ROOT_CLASS = YES_ERROR;
				CLANG_WARN_RANGE_LOOP_ANALYSIS = YES;
				CLANG_WARN_STRICT_PROTOTYPES = YES;
				CLANG_WARN_SUSPICIOUS_MOVE = YES;
				CLANG_WARN_UNGUARDED_AVAILABILITY = YES_AGGRESSIVE;
				CLANG_WARN_UNREACHABLE_CODE = YES;
				CLANG_WARN__DUPLICATE_METHOD_MATCH = YES;
				COPY_PHASE_STRIP = NO;
				DEBUG_INFORMATION_FORMAT = dwarf;
				ENABLE_STRICT_OBJC_MSGSEND = YES;
				ENABLE_TESTABILITY = YES;
				GCC_C_LANGUAGE_STANDARD = gnu11;
				GCC_DYNAMIC_NO_PIC = NO;
				GCC_NO_COMMON_BLOCKS = YES;
				GCC_OPTIMIZATION_LEVEL = 0;
				GCC_PREPROCESSOR_DEFINITIONS = (
					"DEBUG=1",
					"$(inherited)",
				);
				GCC_WARN_64_TO_32_BIT_CONVERSION = YES;
				GCC_WARN_ABOUT_RETURN_TYPE = YES_ERROR;
				GCC_WARN_UNDECLARED_SELECTOR = YES;
				GCC_WARN_UNINITIALIZED_AUTOS = YES_AGGRESSIVE;
				GCC_WARN_UNUSED_FUNCTION = YES;
				GCC_WARN_UNUSED_VARIABLE = YES;
				IPHONEOS_DEPLOYMENT_TARGET = 13.2;
				MTL_ENABLE_DEBUG_INFO = INCLUDE_SOURCE;
				MTL_FAST_MATH = YES;
				ONLY_ACTIVE_ARCH = YES;
				SDKROOT = iphoneos;
				SWIFT_ACTIVE_COMPILATION_CONDITIONS = DEBUG;
				SWIFT_OPTIMIZATION_LEVEL = "-Onone";
			};
			name = Debug;
		};
		CF689E3D2432ECE2002EBC9A /* Release */ = {
			isa = XCBuildConfiguration;
			buildSettings = {
				ALWAYS_SEARCH_USER_PATHS = NO;
				CLANG_ANALYZER_NONNULL = YES;
				CLANG_ANALYZER_NUMBER_OBJECT_CONVERSION = YES_AGGRESSIVE;
				CLANG_CXX_LANGUAGE_STANDARD = "gnu++14";
				CLANG_CXX_LIBRARY = "libc++";
				CLANG_ENABLE_MODULES = YES;
				CLANG_ENABLE_OBJC_ARC = YES;
				CLANG_ENABLE_OBJC_WEAK = YES;
				CLANG_WARN_BLOCK_CAPTURE_AUTORELEASING = YES;
				CLANG_WARN_BOOL_CONVERSION = YES;
				CLANG_WARN_COMMA = YES;
				CLANG_WARN_CONSTANT_CONVERSION = YES;
				CLANG_WARN_DEPRECATED_OBJC_IMPLEMENTATIONS = YES;
				CLANG_WARN_DIRECT_OBJC_ISA_USAGE = YES_ERROR;
				CLANG_WARN_DOCUMENTATION_COMMENTS = YES;
				CLANG_WARN_EMPTY_BODY = YES;
				CLANG_WARN_ENUM_CONVERSION = YES;
				CLANG_WARN_INFINITE_RECURSION = YES;
				CLANG_WARN_INT_CONVERSION = YES;
				CLANG_WARN_NON_LITERAL_NULL_CONVERSION = YES;
				CLANG_WARN_OBJC_IMPLICIT_RETAIN_SELF = YES;
				CLANG_WARN_OBJC_LITERAL_CONVERSION = YES;
				CLANG_WARN_OBJC_ROOT_CLASS = YES_ERROR;
				CLANG_WARN_RANGE_LOOP_ANALYSIS = YES;
				CLANG_WARN_STRICT_PROTOTYPES = YES;
				CLANG_WARN_SUSPICIOUS_MOVE = YES;
				CLANG_WARN_UNGUARDED_AVAILABILITY = YES_AGGRESSIVE;
				CLANG_WARN_UNREACHABLE_CODE = YES;
				CLANG_WARN__DUPLICATE_METHOD_MATCH = YES;
				COPY_PHASE_STRIP = NO;
				DEBUG_INFORMATION_FORMAT = "dwarf-with-dsym";
				ENABLE_NS_ASSERTIONS = NO;
				ENABLE_STRICT_OBJC_MSGSEND = YES;
				GCC_C_LANGUAGE_STANDARD = gnu11;
				GCC_NO_COMMON_BLOCKS = YES;
				GCC_WARN_64_TO_32_BIT_CONVERSION = YES;
				GCC_WARN_ABOUT_RETURN_TYPE = YES_ERROR;
				GCC_WARN_UNDECLARED_SELECTOR = YES;
				GCC_WARN_UNINITIALIZED_AUTOS = YES_AGGRESSIVE;
				GCC_WARN_UNUSED_FUNCTION = YES;
				GCC_WARN_UNUSED_VARIABLE = YES;
				IPHONEOS_DEPLOYMENT_TARGET = 13.2;
				MTL_ENABLE_DEBUG_INFO = NO;
				MTL_FAST_MATH = YES;
				SDKROOT = iphoneos;
				SWIFT_COMPILATION_MODE = wholemodule;
				SWIFT_OPTIMIZATION_LEVEL = "-O";
				VALIDATE_PRODUCT = YES;
			};
			name = Release;
		};
		CF689E3F2432ECE2002EBC9A /* Debug */ = {
			isa = XCBuildConfiguration;
			baseConfigurationReference = 61979706629CE21060F4D9E9 /* Pods-Sendo_Clone.debug.xcconfig */;
			buildSettings = {
				ASSETCATALOG_COMPILER_APPICON_NAME = AppIcon;
				CODE_SIGN_STYLE = Automatic;
				DEVELOPMENT_TEAM = 98LCVSKDA3;
				INFOPLIST_FILE = Sendo_Clone/Info.plist;
				IPHONEOS_DEPLOYMENT_TARGET = 11.0;
				LD_RUNPATH_SEARCH_PATHS = (
					"$(inherited)",
					"@executable_path/Frameworks",
				);
				PRODUCT_BUNDLE_IDENTIFIER = "trunghieu.com.Sendo-Clone";
				PRODUCT_NAME = "$(TARGET_NAME)";
				SWIFT_VERSION = 4.2;
				TARGETED_DEVICE_FAMILY = "1,2";
			};
			name = Debug;
		};
		CF689E402432ECE2002EBC9A /* Release */ = {
			isa = XCBuildConfiguration;
			baseConfigurationReference = 134EEDBBAE12C569664CC2CC /* Pods-Sendo_Clone.release.xcconfig */;
			buildSettings = {
				ASSETCATALOG_COMPILER_APPICON_NAME = AppIcon;
				CODE_SIGN_STYLE = Automatic;
				DEVELOPMENT_TEAM = 98LCVSKDA3;
				INFOPLIST_FILE = Sendo_Clone/Info.plist;
				IPHONEOS_DEPLOYMENT_TARGET = 11.0;
				LD_RUNPATH_SEARCH_PATHS = (
					"$(inherited)",
					"@executable_path/Frameworks",
				);
				PRODUCT_BUNDLE_IDENTIFIER = "trunghieu.com.Sendo-Clone";
				PRODUCT_NAME = "$(TARGET_NAME)";
				SWIFT_VERSION = 4.2;
				TARGETED_DEVICE_FAMILY = "1,2";
			};
			name = Release;
		};
/* End XCBuildConfiguration section */

/* Begin XCConfigurationList section */
		CF689E252432ECE1002EBC9A /* Build configuration list for PBXProject "Sendo_Clone" */ = {
			isa = XCConfigurationList;
			buildConfigurations = (
				CF689E3C2432ECE2002EBC9A /* Debug */,
				CF689E3D2432ECE2002EBC9A /* Release */,
			);
			defaultConfigurationIsVisible = 0;
			defaultConfigurationName = Release;
		};
		CF689E3E2432ECE2002EBC9A /* Build configuration list for PBXNativeTarget "Sendo_Clone" */ = {
			isa = XCConfigurationList;
			buildConfigurations = (
				CF689E3F2432ECE2002EBC9A /* Debug */,
				CF689E402432ECE2002EBC9A /* Release */,
			);
			defaultConfigurationIsVisible = 0;
			defaultConfigurationName = Release;
		};
/* End XCConfigurationList section */
	};
	rootObject = CF689E222432ECE1002EBC9A /* Project object */;
}
