// !$*UTF8*$!
{
	archiveVersion = 1;
	classes = {
	};
	objectVersion = 51;
	objects = {

/* Begin PBXBuildFile section */
		0CA5FE3DD81B1AF16A4611BE /* Pods_Sendo_Clone.framework in Frameworks */ = {isa = PBXBuildFile; fileRef = 23D3ADF1B5834A27B685ADF3 /* Pods_Sendo_Clone.framework */; };
		CF1E2E5E2433263300F008E8 /* ImageManager.swift in Sources */ = {isa = PBXBuildFile; fileRef = CF1E2E5D2433263300F008E8 /* ImageManager.swift */; };
		CF1E2E602433263C00F008E8 /* TextManager.swift in Sources */ = {isa = PBXBuildFile; fileRef = CF1E2E5F2433263C00F008E8 /* TextManager.swift */; };
		CF1E2E6324332B5000F008E8 /* CategoryItemCollectionViewCell.swift in Sources */ = {isa = PBXBuildFile; fileRef = CF1E2E6224332B5000F008E8 /* CategoryItemCollectionViewCell.swift */; };
		CF1E2E6624332BBF00F008E8 /* CategoryViewModel.swift in Sources */ = {isa = PBXBuildFile; fileRef = CF1E2E6524332BBF00F008E8 /* CategoryViewModel.swift */; };
		CF1E2E6824332F4600F008E8 /* BannerCollectionViewCell.swift in Sources */ = {isa = PBXBuildFile; fileRef = CF1E2E6724332F4600F008E8 /* BannerCollectionViewCell.swift */; };
		CF1E2E6C243333B600F008E8 /* FlashSaleItemCollectionViewCell.swift in Sources */ = {isa = PBXBuildFile; fileRef = CF1E2E6B243333B600F008E8 /* FlashSaleItemCollectionViewCell.swift */; };
		CF1E2E7024333DC700F008E8 /* BannerServiceCollectionViewCell.swift in Sources */ = {isa = PBXBuildFile; fileRef = CF1E2E6F24333DC700F008E8 /* BannerServiceCollectionViewCell.swift */; };
		CF1E2E7224333DE900F008E8 /* UtilitiesServiceCollectionViewCell.swift in Sources */ = {isa = PBXBuildFile; fileRef = CF1E2E7124333DE900F008E8 /* UtilitiesServiceCollectionViewCell.swift */; };
		CF1E2E7524334E6F00F008E8 /* UIImage+Extension.swift in Sources */ = {isa = PBXBuildFile; fileRef = CF1E2E7424334E6F00F008E8 /* UIImage+Extension.swift */; };
		CF689E2E2432ECE1002EBC9A /* AppDelegate.swift in Sources */ = {isa = PBXBuildFile; fileRef = CF689E2D2432ECE1002EBC9A /* AppDelegate.swift */; };
		CF689E322432ECE1002EBC9A /* HomeViewController.swift in Sources */ = {isa = PBXBuildFile; fileRef = CF689E312432ECE1002EBC9A /* HomeViewController.swift */; };
		CF689E372432ECE2002EBC9A /* Assets.xcassets in Resources */ = {isa = PBXBuildFile; fileRef = CF689E362432ECE2002EBC9A /* Assets.xcassets */; };
		CF689E3A2432ECE2002EBC9A /* LaunchScreen.storyboard in Resources */ = {isa = PBXBuildFile; fileRef = CF689E382432ECE2002EBC9A /* LaunchScreen.storyboard */; };
		CF689E492432F1D6002EBC9A /* Dimension.swift in Sources */ = {isa = PBXBuildFile; fileRef = CF689E482432F1D6002EBC9A /* Dimension.swift */; };
		CF689E4C2432F208002EBC9A /* UIColor+Extension.swift in Sources */ = {isa = PBXBuildFile; fileRef = CF689E4B2432F208002EBC9A /* UIColor+Extension.swift */; };
		CF689E4E2432F214002EBC9A /* UIView+Extension.swift in Sources */ = {isa = PBXBuildFile; fileRef = CF689E4D2432F214002EBC9A /* UIView+Extension.swift */; };
		CF689E502432F221002EBC9A /* UICollectionView+Extension.swift in Sources */ = {isa = PBXBuildFile; fileRef = CF689E4F2432F221002EBC9A /* UICollectionView+Extension.swift */; };
		CF689E522432F22E002EBC9A /* UIFont+Extension.swift in Sources */ = {isa = PBXBuildFile; fileRef = CF689E512432F22E002EBC9A /* UIFont+Extension.swift */; };
		CF689E562432F291002EBC9A /* BaseViewController.swift in Sources */ = {isa = PBXBuildFile; fileRef = CF689E552432F291002EBC9A /* BaseViewController.swift */; };
		CF689E582432F29D002EBC9A /* BaseView.swift in Sources */ = {isa = PBXBuildFile; fileRef = CF689E572432F29D002EBC9A /* BaseView.swift */; };
		CF689E5A2432F2AD002EBC9A /* BaseCollectionViewCell.swift in Sources */ = {isa = PBXBuildFile; fileRef = CF689E592432F2AD002EBC9A /* BaseCollectionViewCell.swift */; };
		CF689E5C2432F2DF002EBC9A /* PaddingTextField.swift in Sources */ = {isa = PBXBuildFile; fileRef = CF689E5B2432F2DF002EBC9A /* PaddingTextField.swift */; };
		CF689E672432F44B002EBC9A /* PromotionCollectionViewCell.swift in Sources */ = {isa = PBXBuildFile; fileRef = CF689E662432F44B002EBC9A /* PromotionCollectionViewCell.swift */; };
		CF689E692432F458002EBC9A /* CategoryCollectionViewCell.swift in Sources */ = {isa = PBXBuildFile; fileRef = CF689E682432F458002EBC9A /* CategoryCollectionViewCell.swift */; };
		CF689E6B2432F460002EBC9A /* FlashSaleCollectionViewCell.swift in Sources */ = {isa = PBXBuildFile; fileRef = CF689E6A2432F460002EBC9A /* FlashSaleCollectionViewCell.swift */; };
		CF689E6D2432F468002EBC9A /* ServiceCollectionViewCell.swift in Sources */ = {isa = PBXBuildFile; fileRef = CF689E6C2432F468002EBC9A /* ServiceCollectionViewCell.swift */; };
		CF689E6F2432F471002EBC9A /* HotDealCollectionViewCell.swift in Sources */ = {isa = PBXBuildFile; fileRef = CF689E6E2432F471002EBC9A /* HotDealCollectionViewCell.swift */; };
		CF689E712432F47F002EBC9A /* SenLiveCollectionViewCell.swift in Sources */ = {isa = PBXBuildFile; fileRef = CF689E702432F47F002EBC9A /* SenLiveCollectionViewCell.swift */; };
		CF689E732432F488002EBC9A /* SenMallCollectionViewCell.swift in Sources */ = {isa = PBXBuildFile; fileRef = CF689E722432F488002EBC9A /* SenMallCollectionViewCell.swift */; };
		CF689E762432F4A1002EBC9A /* YourRecommendCollectionViewCell.swift in Sources */ = {isa = PBXBuildFile; fileRef = CF689E752432F4A1002EBC9A /* YourRecommendCollectionViewCell.swift */; };
		CF689E782432F4B0002EBC9A /* ProductRecommendCollectionViewCell.swift in Sources */ = {isa = PBXBuildFile; fileRef = CF689E772432F4B0002EBC9A /* ProductRecommendCollectionViewCell.swift */; };
		CF689E7D2432F833002EBC9A /* PromotionViewModel.swift in Sources */ = {isa = PBXBuildFile; fileRef = CF689E7C2432F833002EBC9A /* PromotionViewModel.swift */; };
		CF689E7F2432F84B002EBC9A /* PromotionCellCollectionViewCell.swift in Sources */ = {isa = PBXBuildFile; fileRef = CF689E7E2432F84B002EBC9A /* PromotionCellCollectionViewCell.swift */; };
		CF99858224337BFC000D9D55 /* BannerServiceItemCollectionViewCell.swift in Sources */ = {isa = PBXBuildFile; fileRef = CF99858124337BFC000D9D55 /* BannerServiceItemCollectionViewCell.swift */; };
/* End PBXBuildFile section */

/* Begin PBXFileReference section */
		134EEDBBAE12C569664CC2CC /* Pods-Sendo_Clone.release.xcconfig */ = {isa = PBXFileReference; includeInIndex = 1; lastKnownFileType = text.xcconfig; name = "Pods-Sendo_Clone.release.xcconfig"; path = "Target Support Files/Pods-Sendo_Clone/Pods-Sendo_Clone.release.xcconfig"; sourceTree = "<group>"; };
		23D3ADF1B5834A27B685ADF3 /* Pods_Sendo_Clone.framework */ = {isa = PBXFileReference; explicitFileType = wrapper.framework; includeInIndex = 0; path = Pods_Sendo_Clone.framework; sourceTree = BUILT_PRODUCTS_DIR; };
		61979706629CE21060F4D9E9 /* Pods-Sendo_Clone.debug.xcconfig */ = {isa = PBXFileReference; includeInIndex = 1; lastKnownFileType = text.xcconfig; name = "Pods-Sendo_Clone.debug.xcconfig"; path = "Target Support Files/Pods-Sendo_Clone/Pods-Sendo_Clone.debug.xcconfig"; sourceTree = "<group>"; };
		CF1E2E5D2433263300F008E8 /* ImageManager.swift */ = {isa = PBXFileReference; lastKnownFileType = sourcecode.swift; path = ImageManager.swift; sourceTree = "<group>"; };
		CF1E2E5F2433263C00F008E8 /* TextManager.swift */ = {isa = PBXFileReference; lastKnownFileType = sourcecode.swift; path = TextManager.swift; sourceTree = "<group>"; };
		CF1E2E6224332B5000F008E8 /* CategoryItemCollectionViewCell.swift */ = {isa = PBXFileReference; lastKnownFileType = sourcecode.swift; path = CategoryItemCollectionViewCell.swift; sourceTree = "<group>"; };
		CF1E2E6524332BBF00F008E8 /* CategoryViewModel.swift */ = {isa = PBXFileReference; lastKnownFileType = sourcecode.swift; path = CategoryViewModel.swift; sourceTree = "<group>"; };
		CF1E2E6724332F4600F008E8 /* BannerCollectionViewCell.swift */ = {isa = PBXFileReference; lastKnownFileType = sourcecode.swift; path = BannerCollectionViewCell.swift; sourceTree = "<group>"; };
		CF1E2E6B243333B600F008E8 /* FlashSaleItemCollectionViewCell.swift */ = {isa = PBXFileReference; lastKnownFileType = sourcecode.swift; path = FlashSaleItemCollectionViewCell.swift; sourceTree = "<group>"; };
		CF1E2E6F24333DC700F008E8 /* BannerServiceCollectionViewCell.swift */ = {isa = PBXFileReference; lastKnownFileType = sourcecode.swift; path = BannerServiceCollectionViewCell.swift; sourceTree = "<group>"; };
		CF1E2E7124333DE900F008E8 /* UtilitiesServiceCollectionViewCell.swift */ = {isa = PBXFileReference; lastKnownFileType = sourcecode.swift; path = UtilitiesServiceCollectionViewCell.swift; sourceTree = "<group>"; };
		CF1E2E7424334E6F00F008E8 /* UIImage+Extension.swift */ = {isa = PBXFileReference; lastKnownFileType = sourcecode.swift; path = "UIImage+Extension.swift"; sourceTree = "<group>"; };
		CF689E2A2432ECE1002EBC9A /* Sendo_Clone.app */ = {isa = PBXFileReference; explicitFileType = wrapper.application; includeInIndex = 0; path = Sendo_Clone.app; sourceTree = BUILT_PRODUCTS_DIR; };
		CF689E2D2432ECE1002EBC9A /* AppDelegate.swift */ = {isa = PBXFileReference; lastKnownFileType = sourcecode.swift; path = AppDelegate.swift; sourceTree = "<group>"; };
		CF689E312432ECE1002EBC9A /* HomeViewController.swift */ = {isa = PBXFileReference; lastKnownFileType = sourcecode.swift; path = HomeViewController.swift; sourceTree = "<group>"; };
		CF689E362432ECE2002EBC9A /* Assets.xcassets */ = {isa = PBXFileReference; lastKnownFileType = folder.assetcatalog; path = Assets.xcassets; sourceTree = "<group>"; };
		CF689E392432ECE2002EBC9A /* Base */ = {isa = PBXFileReference; lastKnownFileType = file.storyboard; name = Base; path = Base.lproj/LaunchScreen.storyboard; sourceTree = "<group>"; };
		CF689E3B2432ECE2002EBC9A /* Info.plist */ = {isa = PBXFileReference; lastKnownFileType = text.plist.xml; path = Info.plist; sourceTree = "<group>"; };
		CF689E482432F1D6002EBC9A /* Dimension.swift */ = {isa = PBXFileReference; lastKnownFileType = sourcecode.swift; path = Dimension.swift; sourceTree = "<group>"; };
		CF689E4B2432F208002EBC9A /* UIColor+Extension.swift */ = {isa = PBXFileReference; lastKnownFileType = sourcecode.swift; path = "UIColor+Extension.swift"; sourceTree = "<group>"; };
		CF689E4D2432F214002EBC9A /* UIView+Extension.swift */ = {isa = PBXFileReference; lastKnownFileType = sourcecode.swift; path = "UIView+Extension.swift"; sourceTree = "<group>"; };
		CF689E4F2432F221002EBC9A /* UICollectionView+Extension.swift */ = {isa = PBXFileReference; lastKnownFileType = sourcecode.swift; path = "UICollectionView+Extension.swift"; sourceTree = "<group>"; };
		CF689E512432F22E002EBC9A /* UIFont+Extension.swift */ = {isa = PBXFileReference; lastKnownFileType = sourcecode.swift; path = "UIFont+Extension.swift"; sourceTree = "<group>"; };
		CF689E552432F291002EBC9A /* BaseViewController.swift */ = {isa = PBXFileReference; lastKnownFileType = sourcecode.swift; path = BaseViewController.swift; sourceTree = "<group>"; };
		CF689E572432F29D002EBC9A /* BaseView.swift */ = {isa = PBXFileReference; lastKnownFileType = sourcecode.swift; path = BaseView.swift; sourceTree = "<group>"; };
		CF689E592432F2AD002EBC9A /* BaseCollectionViewCell.swift */ = {isa = PBXFileReference; lastKnownFileType = sourcecode.swift; path = BaseCollectionViewCell.swift; sourceTree = "<group>"; };
		CF689E5B2432F2DF002EBC9A /* PaddingTextField.swift */ = {isa = PBXFileReference; lastKnownFileType = sourcecode.swift; path = PaddingTextField.swift; sourceTree = "<group>"; };
		CF689E662432F44B002EBC9A /* PromotionCollectionViewCell.swift */ = {isa = PBXFileReference; lastKnownFileType = sourcecode.swift; path = PromotionCollectionViewCell.swift; sourceTree = "<group>"; };
		CF689E682432F458002EBC9A /* CategoryCollectionViewCell.swift */ = {isa = PBXFileReference; lastKnownFileType = sourcecode.swift; path = CategoryCollectionViewCell.swift; sourceTree = "<group>"; };
		CF689E6A2432F460002EBC9A /* FlashSaleCollectionViewCell.swift */ = {isa = PBXFileReference; lastKnownFileType = sourcecode.swift; path = FlashSaleCollectionViewCell.swift; sourceTree = "<group>"; };
		CF689E6C2432F468002EBC9A /* ServiceCollectionViewCell.swift */ = {isa = PBXFileReference; lastKnownFileType = sourcecode.swift; path = ServiceCollectionViewCell.swift; sourceTree = "<group>"; };
		CF689E6E2432F471002EBC9A /* HotDealCollectionViewCell.swift */ = {isa = PBXFileReference; lastKnownFileType = sourcecode.swift; path = HotDealCollectionViewCell.swift; sourceTree = "<group>"; };
		CF689E702432F47F002EBC9A /* SenLiveCollectionViewCell.swift */ = {isa = PBXFileReference; lastKnownFileType = sourcecode.swift; path = SenLiveCollectionViewCell.swift; sourceTree = "<group>"; };
		CF689E722432F488002EBC9A /* SenMallCollectionViewCell.swift */ = {isa = PBXFileReference; lastKnownFileType = sourcecode.swift; path = SenMallCollectionViewCell.swift; sourceTree = "<group>"; };
		CF689E752432F4A1002EBC9A /* YourRecommendCollectionViewCell.swift */ = {isa = PBXFileReference; lastKnownFileType = sourcecode.swift; path = YourRecommendCollectionViewCell.swift; sourceTree = "<group>"; };
		CF689E772432F4B0002EBC9A /* ProductRecommendCollectionViewCell.swift */ = {isa = PBXFileReference; lastKnownFileType = sourcecode.swift; path = ProductRecommendCollectionViewCell.swift; sourceTree = "<group>"; };
		CF689E7C2432F833002EBC9A /* PromotionViewModel.swift */ = {isa = PBXFileReference; lastKnownFileType = sourcecode.swift; path = PromotionViewModel.swift; sourceTree = "<group>"; };
		CF689E7E2432F84B002EBC9A /* PromotionCellCollectionViewCell.swift */ = {isa = PBXFileReference; lastKnownFileType = sourcecode.swift; path = PromotionCellCollectionViewCell.swift; sourceTree = "<group>"; };
		CF99858124337BFC000D9D55 /* BannerServiceItemCollectionViewCell.swift */ = {isa = PBXFileReference; lastKnownFileType = sourcecode.swift; path = BannerServiceItemCollectionViewCell.swift; sourceTree = "<group>"; };
/* End PBXFileReference section */

/* Begin PBXFrameworksBuildPhase section */
		CF689E272432ECE1002EBC9A /* Frameworks */ = {
			isa = PBXFrameworksBuildPhase;
			buildActionMask = 2147483647;
			files = (
				0CA5FE3DD81B1AF16A4611BE /* Pods_Sendo_Clone.framework in Frameworks */,
			);
			runOnlyForDeploymentPostprocessing = 0;
		};
/* End PBXFrameworksBuildPhase section */

/* Begin PBXGroup section */
		4D3A1D4B38F26CF2CAE7DC3E /* Pods */ = {
			isa = PBXGroup;
			children = (
				61979706629CE21060F4D9E9 /* Pods-Sendo_Clone.debug.xcconfig */,
				134EEDBBAE12C569664CC2CC /* Pods-Sendo_Clone.release.xcconfig */,
			);
			path = Pods;
			sourceTree = "<group>";
		};
		AD2C6438391300A415CF9658 /* Frameworks */ = {
			isa = PBXGroup;
			children = (
				23D3ADF1B5834A27B685ADF3 /* Pods_Sendo_Clone.framework */,
			);
			name = Frameworks;
			sourceTree = "<group>";
		};
		CF1E2E6124332B4000F008E8 /* CategoryItem */ = {
			isa = PBXGroup;
			children = (
				CF1E2E6224332B5000F008E8 /* CategoryItemCollectionViewCell.swift */,
			);
			path = CategoryItem;
			sourceTree = "<group>";
		};
		CF1E2E6424332BB300F008E8 /* ViewModel */ = {
			isa = PBXGroup;
			children = (
				CF1E2E6524332BBF00F008E8 /* CategoryViewModel.swift */,
			);
			path = ViewModel;
			sourceTree = "<group>";
		};
		CF1E2E692433336800F008E8 /* ViewModel */ = {
			isa = PBXGroup;
			children = (
			);
			path = ViewModel;
			sourceTree = "<group>";
		};
		CF1E2E6A2433336D00F008E8 /* FlashItem */ = {
			isa = PBXGroup;
			children = (
				CF1E2E6B243333B600F008E8 /* FlashSaleItemCollectionViewCell.swift */,
			);
			path = FlashItem;
			sourceTree = "<group>";
		};
		CF1E2E6D24333D8600F008E8 /* BannerService */ = {
			isa = PBXGroup;
			children = (
				CF1E2E6F24333DC700F008E8 /* BannerServiceCollectionViewCell.swift */,
				CF99858124337BFC000D9D55 /* BannerServiceItemCollectionViewCell.swift */,
			);
			path = BannerService;
			sourceTree = "<group>";
		};
		CF1E2E6E24333D9A00F008E8 /* Utilities */ = {
			isa = PBXGroup;
			children = (
				CF1E2E7124333DE900F008E8 /* UtilitiesServiceCollectionViewCell.swift */,
			);
			path = Utilities;
			sourceTree = "<group>";
		};
		CF689E212432ECE1002EBC9A = {
			isa = PBXGroup;
			children = (
				CF689E2C2432ECE1002EBC9A /* Sendo_Clone */,
				CF689E2B2432ECE1002EBC9A /* Products */,
				4D3A1D4B38F26CF2CAE7DC3E /* Pods */,
				AD2C6438391300A415CF9658 /* Frameworks */,
			);
			sourceTree = "<group>";
		};
		CF689E2B2432ECE1002EBC9A /* Products */ = {
			isa = PBXGroup;
			children = (
				CF689E2A2432ECE1002EBC9A /* Sendo_Clone.app */,
			);
			name = Products;
			sourceTree = "<group>";
		};
		CF689E2C2432ECE1002EBC9A /* Sendo_Clone */ = {
			isa = PBXGroup;
			children = (
				CF689E472432EF3B002EBC9A /* Supports */,
				CF689E462432EF32002EBC9A /* Resources */,
				CF689E452432EF1A002EBC9A /* Manager */,
				CF689E442432EF15002EBC9A /* Commons */,
				CF689E432432EF08002EBC9A /* Extensions */,
				CF689E422432EEF1002EBC9A /* Bases */,
				CF689E412432EED4002EBC9A /* Features */,
			);
			path = Sendo_Clone;
			sourceTree = "<group>";
		};
		CF689E412432EED4002EBC9A /* Features */ = {
			isa = PBXGroup;
			children = (
				CF689E652432F38C002EBC9A /* Promotion */,
				CF689E5D2432F313002EBC9A /* Category */,
				CF689E792432F660002EBC9A /* BannerEvent */,
				CF689E642432F380002EBC9A /* FlashSale */,
				CF689E632432F377002EBC9A /* Service */,
				CF689E622432F355002EBC9A /* HotDeal */,
				CF689E612432F350002EBC9A /* SenLive */,
				CF689E602432F33B002EBC9A /* SenMall */,
				CF689E5F2432F32C002EBC9A /* YourRecommend */,
				CF689E5E2432F326002EBC9A /* ProductRecommend */,
				CF689E312432ECE1002EBC9A /* HomeViewController.swift */,
			);
			path = Features;
			sourceTree = "<group>";
		};
		CF689E422432EEF1002EBC9A /* Bases */ = {
			isa = PBXGroup;
			children = (
				CF689E542432F27E002EBC9A /* Custom */,
				CF689E532432F279002EBC9A /* UIView */,
			);
			path = Bases;
			sourceTree = "<group>";
		};
		CF689E432432EF08002EBC9A /* Extensions */ = {
			isa = PBXGroup;
			children = (
				CF689E4A2432F1ED002EBC9A /* UIKit */,
			);
			path = Extensions;
			sourceTree = "<group>";
		};
		CF689E442432EF15002EBC9A /* Commons */ = {
			isa = PBXGroup;
			children = (
				CF689E482432F1D6002EBC9A /* Dimension.swift */,
			);
			path = Commons;
			sourceTree = "<group>";
		};
		CF689E452432EF1A002EBC9A /* Manager */ = {
			isa = PBXGroup;
			children = (
				CF1E2E5D2433263300F008E8 /* ImageManager.swift */,
				CF1E2E5F2433263C00F008E8 /* TextManager.swift */,
			);
			path = Manager;
			sourceTree = "<group>";
		};
		CF689E462432EF32002EBC9A /* Resources */ = {
			isa = PBXGroup;
			children = (
				CF689E362432ECE2002EBC9A /* Assets.xcassets */,
			);
			path = Resources;
			sourceTree = "<group>";
		};
		CF689E472432EF3B002EBC9A /* Supports */ = {
			isa = PBXGroup;
			children = (
				CF689E2D2432ECE1002EBC9A /* AppDelegate.swift */,
				CF689E3B2432ECE2002EBC9A /* Info.plist */,
				CF689E382432ECE2002EBC9A /* LaunchScreen.storyboard */,
			);
			path = Supports;
			sourceTree = "<group>";
		};
		CF689E4A2432F1ED002EBC9A /* UIKit */ = {
			isa = PBXGroup;
			children = (
				CF689E4B2432F208002EBC9A /* UIColor+Extension.swift */,
				CF689E4D2432F214002EBC9A /* UIView+Extension.swift */,
				CF689E4F2432F221002EBC9A /* UICollectionView+Extension.swift */,
				CF689E512432F22E002EBC9A /* UIFont+Extension.swift */,
				CF1E2E7424334E6F00F008E8 /* UIImage+Extension.swift */,
			);
			path = UIKit;
			sourceTree = "<group>";
		};
		CF689E532432F279002EBC9A /* UIView */ = {
			isa = PBXGroup;
			children = (
				CF689E552432F291002EBC9A /* BaseViewController.swift */,
				CF689E572432F29D002EBC9A /* BaseView.swift */,
				CF689E592432F2AD002EBC9A /* BaseCollectionViewCell.swift */,
			);
			path = UIView;
			sourceTree = "<group>";
		};
		CF689E542432F27E002EBC9A /* Custom */ = {
			isa = PBXGroup;
			children = (
				CF689E5B2432F2DF002EBC9A /* PaddingTextField.swift */,
			);
			path = Custom;
			sourceTree = "<group>";
		};
		CF689E5D2432F313002EBC9A /* Category */ = {
			isa = PBXGroup;
			children = (
				CF1E2E6424332BB300F008E8 /* ViewModel */,
				CF1E2E6124332B4000F008E8 /* CategoryItem */,
				CF689E682432F458002EBC9A /* CategoryCollectionViewCell.swift */,
			);
			path = Category;
			sourceTree = "<group>";
		};
		CF689E5E2432F326002EBC9A /* ProductRecommend */ = {
			isa = PBXGroup;
			children = (
				CF689E772432F4B0002EBC9A /* ProductRecommendCollectionViewCell.swift */,
			);
			path = ProductRecommend;
			sourceTree = "<group>";
		};
		CF689E5F2432F32C002EBC9A /* YourRecommend */ = {
			isa = PBXGroup;
			children = (
				CF689E752432F4A1002EBC9A /* YourRecommendCollectionViewCell.swift */,
			);
			path = YourRecommend;
			sourceTree = "<group>";
		};
		CF689E602432F33B002EBC9A /* SenMall */ = {
			isa = PBXGroup;
			children = (
				CF689E722432F488002EBC9A /* SenMallCollectionViewCell.swift */,
			);
			path = SenMall;
			sourceTree = "<group>";
		};
		CF689E612432F350002EBC9A /* SenLive */ = {
			isa = PBXGroup;
			children = (
				CF689E702432F47F002EBC9A /* SenLiveCollectionViewCell.swift */,
			);
			path = SenLive;
			sourceTree = "<group>";
		};
		CF689E622432F355002EBC9A /* HotDeal */ = {
			isa = PBXGroup;
			children = (
				CF689E6E2432F471002EBC9A /* HotDealCollectionViewCell.swift */,
			);
			path = HotDeal;
			sourceTree = "<group>";
		};
		CF689E632432F377002EBC9A /* Service */ = {
			isa = PBXGroup;
			children = (
				CF1E2E6D24333D8600F008E8 /* BannerService */,
				CF1E2E6E24333D9A00F008E8 /* Utilities */,
				CF689E6C2432F468002EBC9A /* ServiceCollectionViewCell.swift */,
			);
			path = Service;
			sourceTree = "<group>";
		};
		CF689E642432F380002EBC9A /* FlashSale */ = {
			isa = PBXGroup;
			children = (
				CF1E2E692433336800F008E8 /* ViewModel */,
				CF1E2E6A2433336D00F008E8 /* FlashItem */,
				CF689E6A2432F460002EBC9A /* FlashSaleCollectionViewCell.swift */,
			);
			path = FlashSale;
			sourceTree = "<group>";
		};
		CF689E652432F38C002EBC9A /* Promotion */ = {
			isa = PBXGroup;
			children = (
				CF689E7A2432F814002EBC9A /* ViewModel */,
				CF689E7B2432F818002EBC9A /* PromotionItem */,
				CF689E662432F44B002EBC9A /* PromotionCollectionViewCell.swift */,
			);
			path = Promotion;
			sourceTree = "<group>";
		};
		CF689E792432F660002EBC9A /* BannerEvent */ = {
			isa = PBXGroup;
			children = (
				CF1E2E6724332F4600F008E8 /* BannerCollectionViewCell.swift */,
			);
			path = BannerEvent;
			sourceTree = "<group>";
		};
		CF689E7A2432F814002EBC9A /* ViewModel */ = {
			isa = PBXGroup;
			children = (
				CF689E7C2432F833002EBC9A /* PromotionViewModel.swift */,
			);
			path = ViewModel;
			sourceTree = "<group>";
		};
		CF689E7B2432F818002EBC9A /* PromotionItem */ = {
			isa = PBXGroup;
			children = (
				CF689E7E2432F84B002EBC9A /* PromotionCellCollectionViewCell.swift */,
			);
			path = PromotionItem;
			sourceTree = "<group>";
		};
/* End PBXGroup section */

/* Begin PBXNativeTarget section */
		CF689E292432ECE1002EBC9A /* Sendo_Clone */ = {
			isa = PBXNativeTarget;
			buildConfigurationList = CF689E3E2432ECE2002EBC9A /* Build configuration list for PBXNativeTarget "Sendo_Clone" */;
			buildPhases = (
				E9234CAFC31E494EDB92271D /* [CP] Check Pods Manifest.lock */,
				CF689E262432ECE1002EBC9A /* Sources */,
				CF689E272432ECE1002EBC9A /* Frameworks */,
				CF689E282432ECE1002EBC9A /* Resources */,
				DAE9E83F79585B49A2871FC3 /* [CP] Embed Pods Frameworks */,
			);
			buildRules = (
			);
			dependencies = (
			);
			name = Sendo_Clone;
			productName = Sendo_Clone;
			productReference = CF689E2A2432ECE1002EBC9A /* Sendo_Clone.app */;
			productType = "com.apple.product-type.application";
		};
/* End PBXNativeTarget section */

/* Begin PBXProject section */
		CF689E222432ECE1002EBC9A /* Project object */ = {
			isa = PBXProject;
			attributes = {
				LastSwiftUpdateCheck = 1130;
				LastUpgradeCheck = 1130;
				ORGANIZATIONNAME = DangTrungHieu;
				TargetAttributes = {
					CF689E292432ECE1002EBC9A = {
						CreatedOnToolsVersion = 11.3.1;
					};
				};
			};
			buildConfigurationList = CF689E252432ECE1002EBC9A /* Build configuration list for PBXProject "Sendo_Clone" */;
			compatibilityVersion = "Xcode 9.3";
			developmentRegion = en;
			hasScannedForEncodings = 0;
			knownRegions = (
				en,
				Base,
			);
			mainGroup = CF689E212432ECE1002EBC9A;
			productRefGroup = CF689E2B2432ECE1002EBC9A /* Products */;
			projectDirPath = "";
			projectRoot = "";
			targets = (
				CF689E292432ECE1002EBC9A /* Sendo_Clone */,
			);
		};
/* End PBXProject section */

/* Begin PBXResourcesBuildPhase section */
		CF689E282432ECE1002EBC9A /* Resources */ = {
			isa = PBXResourcesBuildPhase;
			buildActionMask = 2147483647;
			files = (
				CF689E3A2432ECE2002EBC9A /* LaunchScreen.storyboard in Resources */,
				CF689E372432ECE2002EBC9A /* Assets.xcassets in Resources */,
			);
			runOnlyForDeploymentPostprocessing = 0;
		};
/* End PBXResourcesBuildPhase section */

/* Begin PBXShellScriptBuildPhase section */
		DAE9E83F79585B49A2871FC3 /* [CP] Embed Pods Frameworks */ = {
			isa = PBXShellScriptBuildPhase;
			buildActionMask = 2147483647;
			files = (
			);
			inputFileListPaths = (
				"${PODS_ROOT}/Target Support Files/Pods-Sendo_Clone/Pods-Sendo_Clone-frameworks-${CONFIGURATION}-input-files.xcfilelist",
			);
			name = "[CP] Embed Pods Frameworks";
			outputFileListPaths = (
				"${PODS_ROOT}/Target Support Files/Pods-Sendo_Clone/Pods-Sendo_Clone-frameworks-${CONFIGURATION}-output-files.xcfilelist",
			);
			runOnlyForDeploymentPostprocessing = 0;
			shellPath = /bin/sh;
			shellScript = "\"${PODS_ROOT}/Target Support Files/Pods-Sendo_Clone/Pods-Sendo_Clone-frameworks.sh\"\n";
			showEnvVarsInLog = 0;
		};
		E9234CAFC31E494EDB92271D /* [CP] Check Pods Manifest.lock */ = {
			isa = PBXShellScriptBuildPhase;
			buildActionMask = 2147483647;
			files = (
			);
			inputFileListPaths = (
			);
			inputPaths = (
				"${PODS_PODFILE_DIR_PATH}/Podfile.lock",
				"${PODS_ROOT}/Manifest.lock",
			);
			name = "[CP] Check Pods Manifest.lock";
			outputFileListPaths = (
			);
			outputPaths = (
				"$(DERIVED_FILE_DIR)/Pods-Sendo_Clone-checkManifestLockResult.txt",
			);
			runOnlyForDeploymentPostprocessing = 0;
			shellPath = /bin/sh;
			shellScript = "diff \"${PODS_PODFILE_DIR_PATH}/Podfile.lock\" \"${PODS_ROOT}/Manifest.lock\" > /dev/null\nif [ $? != 0 ] ; then\n    # print error to STDERR\n    echo \"error: The sandbox is not in sync with the Podfile.lock. Run 'pod install' or update your CocoaPods installation.\" >&2\n    exit 1\nfi\n# This output is used by Xcode 'outputs' to avoid re-running this script phase.\necho \"SUCCESS\" > \"${SCRIPT_OUTPUT_FILE_0}\"\n";
			showEnvVarsInLog = 0;
		};
/* End PBXShellScriptBuildPhase section */

/* Begin PBXSourcesBuildPhase section */
		CF689E262432ECE1002EBC9A /* Sources */ = {
			isa = PBXSourcesBuildPhase;
			buildActionMask = 2147483647;
			files = (
				CF689E522432F22E002EBC9A /* UIFont+Extension.swift in Sources */,
				CF99858224337BFC000D9D55 /* BannerServiceItemCollectionViewCell.swift in Sources */,
				CF689E5C2432F2DF002EBC9A /* PaddingTextField.swift in Sources */,
				CF689E7D2432F833002EBC9A /* PromotionViewModel.swift in Sources */,
				CF1E2E6324332B5000F008E8 /* CategoryItemCollectionViewCell.swift in Sources */,
				CF1E2E7524334E6F00F008E8 /* UIImage+Extension.swift in Sources */,
				CF689E6F2432F471002EBC9A /* HotDealCollectionViewCell.swift in Sources */,
				CF1E2E6C243333B600F008E8 /* FlashSaleItemCollectionViewCell.swift in Sources */,
				CF689E6B2432F460002EBC9A /* FlashSaleCollectionViewCell.swift in Sources */,
				CF1E2E6624332BBF00F008E8 /* CategoryViewModel.swift in Sources */,
				CF689E502432F221002EBC9A /* UICollectionView+Extension.swift in Sources */,
				CF689E322432ECE1002EBC9A /* HomeViewController.swift in Sources */,
				CF689E2E2432ECE1002EBC9A /* AppDelegate.swift in Sources */,
				CF1E2E5E2433263300F008E8 /* ImageManager.swift in Sources */,
				CF689E762432F4A1002EBC9A /* YourRecommendCollectionViewCell.swift in Sources */,
				CF1E2E7224333DE900F008E8 /* UtilitiesServiceCollectionViewCell.swift in Sources */,
				CF689E492432F1D6002EBC9A /* Dimension.swift in Sources */,
				CF689E782432F4B0002EBC9A /* ProductRecommendCollectionViewCell.swift in Sources */,
				CF689E692432F458002EBC9A /* CategoryCollectionViewCell.swift in Sources */,
				CF689E5A2432F2AD002EBC9A /* BaseCollectionViewCell.swift in Sources */,
				CF689E562432F291002EBC9A /* BaseViewController.swift in Sources */,
				CF689E6D2432F468002EBC9A /* ServiceCollectionViewCell.swift in Sources */,
				CF1E2E6824332F4600F008E8 /* BannerCollectionViewCell.swift in Sources */,
				CF689E712432F47F002EBC9A /* SenLiveCollectionViewCell.swift in Sources */,
				CF689E732432F488002EBC9A /* SenMallCollectionViewCell.swift in Sources */,
				CF1E2E7024333DC700F008E8 /* BannerServiceCollectionViewCell.swift in Sources */,
				CF689E582432F29D002EBC9A /* BaseView.swift in Sources */,
				CF689E7F2432F84B002EBC9A /* PromotionCellCollectionViewCell.swift in Sources */,
				CF1E2E602433263C00F008E8 /* TextManager.swift in Sources */,
				CF689E4E2432F214002EBC9A /* UIView+Extension.swift in Sources */,
				CF689E672432F44B002EBC9A /* PromotionCollectionViewCell.swift in Sources */,
				CF689E4C2432F208002EBC9A /* UIColor+Extension.swift in Sources */,
			);
			runOnlyForDeploymentPostprocessing = 0;
		};
/* End PBXSourcesBuildPhase section */

/* Begin PBXVariantGroup section */
		CF689E382432ECE2002EBC9A /* LaunchScreen.storyboard */ = {
			isa = PBXVariantGroup;
			children = (
				CF689E392432ECE2002EBC9A /* Base */,
			);
			name = LaunchScreen.storyboard;
			sourceTree = "<group>";
		};
/* End PBXVariantGroup section */

/* Begin XCBuildConfiguration section */
		CF689E3C2432ECE2002EBC9A /* Debug */ = {
			isa = XCBuildConfiguration;
			buildSettings = {
				ALWAYS_SEARCH_USER_PATHS = NO;
				CLANG_ANALYZER_NONNULL = YES;
				CLANG_ANALYZER_NUMBER_OBJECT_CONVERSION = YES_AGGRESSIVE;
				CLANG_CXX_LANGUAGE_STANDARD = "gnu++14";
				CLANG_CXX_LIBRARY = "libc++";
				CLANG_ENABLE_MODULES = YES;
				CLANG_ENABLE_OBJC_ARC = YES;
				CLANG_ENABLE_OBJC_WEAK = YES;
				CLANG_WARN_BLOCK_CAPTURE_AUTORELEASING = YES;
				CLANG_WARN_BOOL_CONVERSION = YES;
				CLANG_WARN_COMMA = YES;
				CLANG_WARN_CONSTANT_CONVERSION = YES;
				CLANG_WARN_DEPRECATED_OBJC_IMPLEMENTATIONS = YES;
				CLANG_WARN_DIRECT_OBJC_ISA_USAGE = YES_ERROR;
				CLANG_WARN_DOCUMENTATION_COMMENTS = YES;
				CLANG_WARN_EMPTY_BODY = YES;
				CLANG_WARN_ENUM_CONVERSION = YES;
				CLANG_WARN_INFINITE_RECURSION = YES;
				CLANG_WARN_INT_CONVERSION = YES;
				CLANG_WARN_NON_LITERAL_NULL_CONVERSION = YES;
				CLANG_WARN_OBJC_IMPLICIT_RETAIN_SELF = YES;
				CLANG_WARN_OBJC_LITERAL_CONVERSION = YES;
				CLANG_WARN_OBJC_ROOT_CLASS = YES_ERROR;
				CLANG_WARN_RANGE_LOOP_ANALYSIS = YES;
				CLANG_WARN_STRICT_PROTOTYPES = YES;
				CLANG_WARN_SUSPICIOUS_MOVE = YES;
				CLANG_WARN_UNGUARDED_AVAILABILITY = YES_AGGRESSIVE;
				CLANG_WARN_UNREACHABLE_CODE = YES;
				CLANG_WARN__DUPLICATE_METHOD_MATCH = YES;
				COPY_PHASE_STRIP = NO;
				DEBUG_INFORMATION_FORMAT = dwarf;
				ENABLE_STRICT_OBJC_MSGSEND = YES;
				ENABLE_TESTABILITY = YES;
				GCC_C_LANGUAGE_STANDARD = gnu11;
				GCC_DYNAMIC_NO_PIC = NO;
				GCC_NO_COMMON_BLOCKS = YES;
				GCC_OPTIMIZATION_LEVEL = 0;
				GCC_PREPROCESSOR_DEFINITIONS = (
					"DEBUG=1",
					"$(inherited)",
				);
				GCC_WARN_64_TO_32_BIT_CONVERSION = YES;
				GCC_WARN_ABOUT_RETURN_TYPE = YES_ERROR;
				GCC_WARN_UNDECLARED_SELECTOR = YES;
				GCC_WARN_UNINITIALIZED_AUTOS = YES_AGGRESSIVE;
				GCC_WARN_UNUSED_FUNCTION = YES;
				GCC_WARN_UNUSED_VARIABLE = YES;
				IPHONEOS_DEPLOYMENT_TARGET = 13.2;
				MTL_ENABLE_DEBUG_INFO = INCLUDE_SOURCE;
				MTL_FAST_MATH = YES;
				ONLY_ACTIVE_ARCH = YES;
				SDKROOT = iphoneos;
				SWIFT_ACTIVE_COMPILATION_CONDITIONS = DEBUG;
				SWIFT_OPTIMIZATION_LEVEL = "-Onone";
			};
			name = Debug;
		};
		CF689E3D2432ECE2002EBC9A /* Release */ = {
			isa = XCBuildConfiguration;
			buildSettings = {
				ALWAYS_SEARCH_USER_PATHS = NO;
				CLANG_ANALYZER_NONNULL = YES;
				CLANG_ANALYZER_NUMBER_OBJECT_CONVERSION = YES_AGGRESSIVE;
				CLANG_CXX_LANGUAGE_STANDARD = "gnu++14";
				CLANG_CXX_LIBRARY = "libc++";
				CLANG_ENABLE_MODULES = YES;
				CLANG_ENABLE_OBJC_ARC = YES;
				CLANG_ENABLE_OBJC_WEAK = YES;
				CLANG_WARN_BLOCK_CAPTURE_AUTORELEASING = YES;
				CLANG_WARN_BOOL_CONVERSION = YES;
				CLANG_WARN_COMMA = YES;
				CLANG_WARN_CONSTANT_CONVERSION = YES;
				CLANG_WARN_DEPRECATED_OBJC_IMPLEMENTATIONS = YES;
				CLANG_WARN_DIRECT_OBJC_ISA_USAGE = YES_ERROR;
				CLANG_WARN_DOCUMENTATION_COMMENTS = YES;
				CLANG_WARN_EMPTY_BODY = YES;
				CLANG_WARN_ENUM_CONVERSION = YES;
				CLANG_WARN_INFINITE_RECURSION = YES;
				CLANG_WARN_INT_CONVERSION = YES;
				CLANG_WARN_NON_LITERAL_NULL_CONVERSION = YES;
				CLANG_WARN_OBJC_IMPLICIT_RETAIN_SELF = YES;
				CLANG_WARN_OBJC_LITERAL_CONVERSION = YES;
				CLANG_WARN_OBJC_ROOT_CLASS = YES_ERROR;
				CLANG_WARN_RANGE_LOOP_ANALYSIS = YES;
				CLANG_WARN_STRICT_PROTOTYPES = YES;
				CLANG_WARN_SUSPICIOUS_MOVE = YES;
				CLANG_WARN_UNGUARDED_AVAILABILITY = YES_AGGRESSIVE;
				CLANG_WARN_UNREACHABLE_CODE = YES;
				CLANG_WARN__DUPLICATE_METHOD_MATCH = YES;
				COPY_PHASE_STRIP = NO;
				DEBUG_INFORMATION_FORMAT = "dwarf-with-dsym";
				ENABLE_NS_ASSERTIONS = NO;
				ENABLE_STRICT_OBJC_MSGSEND = YES;
				GCC_C_LANGUAGE_STANDARD = gnu11;
				GCC_NO_COMMON_BLOCKS = YES;
				GCC_WARN_64_TO_32_BIT_CONVERSION = YES;
				GCC_WARN_ABOUT_RETURN_TYPE = YES_ERROR;
				GCC_WARN_UNDECLARED_SELECTOR = YES;
				GCC_WARN_UNINITIALIZED_AUTOS = YES_AGGRESSIVE;
				GCC_WARN_UNUSED_FUNCTION = YES;
				GCC_WARN_UNUSED_VARIABLE = YES;
				IPHONEOS_DEPLOYMENT_TARGET = 13.2;
				MTL_ENABLE_DEBUG_INFO = NO;
				MTL_FAST_MATH = YES;
				SDKROOT = iphoneos;
				SWIFT_COMPILATION_MODE = wholemodule;
				SWIFT_OPTIMIZATION_LEVEL = "-O";
				VALIDATE_PRODUCT = YES;
			};
			name = Release;
		};
		CF689E3F2432ECE2002EBC9A /* Debug */ = {
			isa = XCBuildConfiguration;
			baseConfigurationReference = 61979706629CE21060F4D9E9 /* Pods-Sendo_Clone.debug.xcconfig */;
			buildSettings = {
				ASSETCATALOG_COMPILER_APPICON_NAME = AppIcon;
				CODE_SIGN_STYLE = Automatic;
				DEVELOPMENT_TEAM = 98LCVSKDA3;
				INFOPLIST_FILE = Sendo_Clone/Supports/info.plist;
				IPHONEOS_DEPLOYMENT_TARGET = 11.0;
				LD_RUNPATH_SEARCH_PATHS = (
					"$(inherited)",
					"@executable_path/Frameworks",
				);
				PRODUCT_BUNDLE_IDENTIFIER = "trunghieu.com.Sendo-Clone";
				PRODUCT_NAME = "$(TARGET_NAME)";
				SWIFT_VERSION = 4.2;
				TARGETED_DEVICE_FAMILY = "1,2";
			};
			name = Debug;
		};
		CF689E402432ECE2002EBC9A /* Release */ = {
			isa = XCBuildConfiguration;
			baseConfigurationReference = 134EEDBBAE12C569664CC2CC /* Pods-Sendo_Clone.release.xcconfig */;
			buildSettings = {
				ASSETCATALOG_COMPILER_APPICON_NAME = AppIcon;
				CODE_SIGN_STYLE = Automatic;
				DEVELOPMENT_TEAM = 98LCVSKDA3;
				INFOPLIST_FILE = Sendo_Clone/Supports/info.plist;
				IPHONEOS_DEPLOYMENT_TARGET = 11.0;
				LD_RUNPATH_SEARCH_PATHS = (
					"$(inherited)",
					"@executable_path/Frameworks",
				);
				PRODUCT_BUNDLE_IDENTIFIER = "trunghieu.com.Sendo-Clone";
				PRODUCT_NAME = "$(TARGET_NAME)";
				SWIFT_VERSION = 4.2;
				TARGETED_DEVICE_FAMILY = "1,2";
			};
			name = Release;
		};
/* End XCBuildConfiguration section */

/* Begin XCConfigurationList section */
		CF689E252432ECE1002EBC9A /* Build configuration list for PBXProject "Sendo_Clone" */ = {
			isa = XCConfigurationList;
			buildConfigurations = (
				CF689E3C2432ECE2002EBC9A /* Debug */,
				CF689E3D2432ECE2002EBC9A /* Release */,
			);
			defaultConfigurationIsVisible = 0;
			defaultConfigurationName = Release;
		};
		CF689E3E2432ECE2002EBC9A /* Build configuration list for PBXNativeTarget "Sendo_Clone" */ = {
			isa = XCConfigurationList;
			buildConfigurations = (
				CF689E3F2432ECE2002EBC9A /* Debug */,
				CF689E402432ECE2002EBC9A /* Release */,
			);
			defaultConfigurationIsVisible = 0;
			defaultConfigurationName = Release;
		};
/* End XCConfigurationList section */
	};
	rootObject = CF689E222432ECE1002EBC9A /* Project object */;
}
